
Microsoft Visual Studio Solution File, Format Version 12.00
# Visual Studio Version 17
VisualStudioVersion = 17.0.32014.148
MinimumVisualStudioVersion = 10.0.40219.1
Project("{9A19103F-16F7-4668-BE54-9A1E7A4F7556}") = "TicTacToe", "TicTacToe.csproj", "{BF63C364-CE69-42B0-94A0-1A6D2096A142}"
EndProject
Global
	GlobalSection(SolutionConfigurationPlatforms) = preSolution
		Debug|Any CPU = Debug|Any CPU
		Release|Any CPU = Release|Any CPU
	EndGlobalSection
	GlobalSection(ProjectConfigurationPlatforms) = postSolution
		{BF63C364-CE69-42B0-94A0-1A6D2096A142}.Debug|Any CPU.ActiveCfg = Debug|Any CPU
		{BF63C364-CE69-42B0-94A0-1A6D2096A142}.Debug|Any CPU.Build.0 = Debug|Any CPU
		{BF63C364-CE69-42B0-94A0-1A6D2096A142}.Release|Any CPU.ActiveCfg = Release|Any CPU
		{BF63C364-CE69-42B0-94A0-1A6D2096A142}.Release|Any CPU.Build.0 = Release|Any CPU
	EndGlobalSection
	GlobalSection(SolutionProperties) = preSolution
		HideSolutionNode = FALSE
	EndGlobalSection
	GlobalSection(ExtensibilityGlobals) = postSolution
		SolutionGuid = {715F7E4C-D15B-42D4-A7C9-E39D97E7E5A7}
	EndGlobalSection
EndGlobal
